// !$*UTF8*$!
{
	archiveVersion = 1;
	classes = {
	};
	objectVersion = 46;
	objects = {

/* Begin PBXBuildFile section */
		1256B40C0933D63BFA938BEE /* Pods_Hyber_Example.framework in Frameworks */ = {isa = PBXBuildFile; fileRef = 51A3461B1F45367F8D9A8FEC /* Pods_Hyber_Example.framework */; };
		3DF316736A5A30A2DBC23EC8 /* Pods_Hyber_Example.framework in Frameworks */ = {isa = PBXBuildFile; fileRef = 51A3461B1F45367F8D9A8FEC /* Pods_Hyber_Example.framework */; };
		598A002FFC0CE40636C9E49F /* Pods_Hyber_Example.framework in Frameworks */ = {isa = PBXBuildFile; fileRef = 51A3461B1F45367F8D9A8FEC /* Pods_Hyber_Example.framework */; };
		607FACD61AFB9204008FA782 /* AppDelegate.swift in Sources */ = {isa = PBXBuildFile; fileRef = 607FACD51AFB9204008FA782 /* AppDelegate.swift */; };
		607FACD81AFB9204008FA782 /* ViewController.swift in Sources */ = {isa = PBXBuildFile; fileRef = 607FACD71AFB9204008FA782 /* ViewController.swift */; };
		607FACDB1AFB9204008FA782 /* Main.storyboard in Resources */ = {isa = PBXBuildFile; fileRef = 607FACD91AFB9204008FA782 /* Main.storyboard */; };
		607FACDD1AFB9204008FA782 /* Images.xcassets in Resources */ = {isa = PBXBuildFile; fileRef = 607FACDC1AFB9204008FA782 /* Images.xcassets */; };
		607FACE01AFB9204008FA782 /* LaunchScreen.xib in Resources */ = {isa = PBXBuildFile; fileRef = 607FACDE1AFB9204008FA782 /* LaunchScreen.xib */; };
		7617EC981DBF8EC000510884 /* HyberFirebaseMessagingDelegate.swift in Sources */ = {isa = PBXBuildFile; fileRef = 7617EC971DBF8EC000510884 /* HyberFirebaseMessagingDelegate.swift */; };
		7617EC9A1DBF99C100510884 /* GoogleService-Info.plist in Resources */ = {isa = PBXBuildFile; fileRef = 7617EC991DBF99C100510884 /* GoogleService-Info.plist */; };
		76397B6E1DF5681600E2FF51 /* CountryPicker.swift in Sources */ = {isa = PBXBuildFile; fileRef = 76397B6C1DF5681600E2FF51 /* CountryPicker.swift */; };
		76397B711DF5681600E2FF51 /* CountryView.swift in Sources */ = {isa = PBXBuildFile; fileRef = 76397B6D1DF5681600E2FF51 /* CountryView.swift */; };
		769540D41DFE9AA200705F3F /* DeviceTableViewController.swift in Sources */ = {isa = PBXBuildFile; fileRef = 769540D31DFE9AA200705F3F /* DeviceTableViewController.swift */; };
		769540D81DFE9ABD00705F3F /* DeviceTableViewCell.swift in Sources */ = {isa = PBXBuildFile; fileRef = 769540D71DFE9ABD00705F3F /* DeviceTableViewCell.swift */; };
		76A592B11DDC715D004187E8 /* MessageTableViewController.swift in Sources */ = {isa = PBXBuildFile; fileRef = 76A592B01DDC715D004187E8 /* MessageTableViewController.swift */; };
		76A7593A1DE45200008A5DE0 /* StartViewController.swift in Sources */ = {isa = PBXBuildFile; fileRef = 76A759391DE45200008A5DE0 /* StartViewController.swift */; };
		76ABECC71DDCA5CE00373A2E /* MessageTableViewCell.swift in Sources */ = {isa = PBXBuildFile; fileRef = 76ABECC61DDCA5CE00373A2E /* MessageTableViewCell.swift */; };
		76F2B1921DF54DF9003D098C /* CountryView.xib in Resources */ = {isa = PBXBuildFile; fileRef = 76F2B1911DF54DF9003D098C /* CountryView.xib */; };
		B4579865DEAA345BEE352F5F /* Pods_Hyber_Tests.framework in Frameworks */ = {isa = PBXBuildFile; fileRef = A31A8E7E819220BFDA8A6574 /* Pods_Hyber_Tests.framework */; };
		B997317E7D7A1F616006D671 /* Pods_Hyber_Example.framework in Frameworks */ = {isa = PBXBuildFile; fileRef = 51A3461B1F45367F8D9A8FEC /* Pods_Hyber_Example.framework */; };
		F31F56DB1E0D5DED00E81888 /* CountryView.swift in Sources */ = {isa = PBXBuildFile; fileRef = 76397B6D1DF5681600E2FF51 /* CountryView.swift */; };
		F31F56DC1E0D5DED00E81888 /* DeviceTableViewController.swift in Sources */ = {isa = PBXBuildFile; fileRef = 769540D31DFE9AA200705F3F /* DeviceTableViewController.swift */; };
		F31F56DD1E0D5DED00E81888 /* CountryPicker.swift in Sources */ = {isa = PBXBuildFile; fileRef = 76397B6C1DF5681600E2FF51 /* CountryPicker.swift */; };
		F31F56DE1E0D5DED00E81888 /* ESPullToRefresh.swift in Sources */ = {isa = PBXBuildFile; fileRef = F3CAF7C11DE130F700704D9C /* ESPullToRefresh.swift */; };
		F31F56DF1E0D5DED00E81888 /* ESRefreshComponent.swift in Sources */ = {isa = PBXBuildFile; fileRef = F3CAF7C31DE130F700704D9C /* ESRefreshComponent.swift */; };
		F31F56E01E0D5DED00E81888 /* ViewController.swift in Sources */ = {isa = PBXBuildFile; fileRef = 607FACD71AFB9204008FA782 /* ViewController.swift */; };
		F31F56E11E0D5DED00E81888 /* AppDelegate.swift in Sources */ = {isa = PBXBuildFile; fileRef = 607FACD51AFB9204008FA782 /* AppDelegate.swift */; };
		F31F56E21E0D5DED00E81888 /* MessageTableViewController.swift in Sources */ = {isa = PBXBuildFile; fileRef = 76A592B01DDC715D004187E8 /* MessageTableViewController.swift */; };
		F31F56E31E0D5DED00E81888 /* ESRefreshFooterAnimator.swift in Sources */ = {isa = PBXBuildFile; fileRef = F3CAF7BD1DE130F600704D9C /* ESRefreshFooterAnimator.swift */; };
		F31F56E41E0D5DED00E81888 /* MessageTableViewCell.swift in Sources */ = {isa = PBXBuildFile; fileRef = 76ABECC61DDCA5CE00373A2E /* MessageTableViewCell.swift */; };
		F31F56E51E0D5DED00E81888 /* DeviceTableViewCell.swift in Sources */ = {isa = PBXBuildFile; fileRef = 769540D71DFE9ABD00705F3F /* DeviceTableViewCell.swift */; };
		F31F56E61E0D5DED00E81888 /* ESPullToRefresh+Manager.swift in Sources */ = {isa = PBXBuildFile; fileRef = F3CAF7C01DE130F700704D9C /* ESPullToRefresh+Manager.swift */; };
		F31F56E71E0D5DED00E81888 /* StartViewController.swift in Sources */ = {isa = PBXBuildFile; fileRef = 76A759391DE45200008A5DE0 /* StartViewController.swift */; };
		F31F56E81E0D5DED00E81888 /* ESRefreshHeaderAnimator.swift in Sources */ = {isa = PBXBuildFile; fileRef = F3CAF7BE1DE130F700704D9C /* ESRefreshHeaderAnimator.swift */; };
		F31F56E91E0D5DED00E81888 /* ESRefreshAnimator.swift in Sources */ = {isa = PBXBuildFile; fileRef = F3CAF7C21DE130F700704D9C /* ESRefreshAnimator.swift */; };
		F31F56EA1E0D5DED00E81888 /* HyberFirebaseMessagingDelegate.swift in Sources */ = {isa = PBXBuildFile; fileRef = 7617EC971DBF8EC000510884 /* HyberFirebaseMessagingDelegate.swift */; };
		F31F56EB1E0D5DED00E81888 /* ESRefreshProtocol.swift in Sources */ = {isa = PBXBuildFile; fileRef = F3CAF7C41DE130F700704D9C /* ESRefreshProtocol.swift */; };
		F31F56ED1E0D5DED00E81888 /* Pods_Hyber_Example.framework in Frameworks */ = {isa = PBXBuildFile; fileRef = 51A3461B1F45367F8D9A8FEC /* Pods_Hyber_Example.framework */; };
		F31F56EE1E0D5DED00E81888 /* Pods_Hyber_Example.framework in Frameworks */ = {isa = PBXBuildFile; fileRef = 51A3461B1F45367F8D9A8FEC /* Pods_Hyber_Example.framework */; };
		F31F56EF1E0D5DED00E81888 /* Pods_Hyber_Example.framework in Frameworks */ = {isa = PBXBuildFile; fileRef = 51A3461B1F45367F8D9A8FEC /* Pods_Hyber_Example.framework */; };
		F31F56F01E0D5DED00E81888 /* Pods_Hyber_Example.framework in Frameworks */ = {isa = PBXBuildFile; fileRef = 51A3461B1F45367F8D9A8FEC /* Pods_Hyber_Example.framework */; };
		F31F56F21E0D5DED00E81888 /* icon_pull_to_refresh_arrow@2x.png in Resources */ = {isa = PBXBuildFile; fileRef = F3CAF7BF1DE130F700704D9C /* icon_pull_to_refresh_arrow@2x.png */; };
		F31F56F31E0D5DED00E81888 /* CountryView.xib in Resources */ = {isa = PBXBuildFile; fileRef = 76F2B1911DF54DF9003D098C /* CountryView.xib */; };
		F31F56F41E0D5DED00E81888 /* Main.storyboard in Resources */ = {isa = PBXBuildFile; fileRef = 607FACD91AFB9204008FA782 /* Main.storyboard */; };
		F31F56F51E0D5DED00E81888 /* GoogleService-Info.plist in Resources */ = {isa = PBXBuildFile; fileRef = 7617EC991DBF99C100510884 /* GoogleService-Info.plist */; };
		F31F56F61E0D5DED00E81888 /* LaunchScreen.xib in Resources */ = {isa = PBXBuildFile; fileRef = 607FACDE1AFB9204008FA782 /* LaunchScreen.xib */; };
		F31F56F71E0D5DED00E81888 /* Images.xcassets in Resources */ = {isa = PBXBuildFile; fileRef = 607FACDC1AFB9204008FA782 /* Images.xcassets */; };
		F3CAF7C51DE130F700704D9C /* ESRefreshFooterAnimator.swift in Sources */ = {isa = PBXBuildFile; fileRef = F3CAF7BD1DE130F600704D9C /* ESRefreshFooterAnimator.swift */; };
		F3CAF7C61DE130F700704D9C /* ESRefreshHeaderAnimator.swift in Sources */ = {isa = PBXBuildFile; fileRef = F3CAF7BE1DE130F700704D9C /* ESRefreshHeaderAnimator.swift */; };
		F3CAF7C71DE130F700704D9C /* icon_pull_to_refresh_arrow@2x.png in Resources */ = {isa = PBXBuildFile; fileRef = F3CAF7BF1DE130F700704D9C /* icon_pull_to_refresh_arrow@2x.png */; };
		F3CAF7C81DE130F700704D9C /* ESPullToRefresh+Manager.swift in Sources */ = {isa = PBXBuildFile; fileRef = F3CAF7C01DE130F700704D9C /* ESPullToRefresh+Manager.swift */; };
		F3CAF7C91DE130F700704D9C /* ESPullToRefresh.swift in Sources */ = {isa = PBXBuildFile; fileRef = F3CAF7C11DE130F700704D9C /* ESPullToRefresh.swift */; };
		F3CAF7CA1DE130F700704D9C /* ESRefreshAnimator.swift in Sources */ = {isa = PBXBuildFile; fileRef = F3CAF7C21DE130F700704D9C /* ESRefreshAnimator.swift */; };
		F3CAF7CB1DE130F700704D9C /* ESRefreshComponent.swift in Sources */ = {isa = PBXBuildFile; fileRef = F3CAF7C31DE130F700704D9C /* ESRefreshComponent.swift */; };
		F3CAF7CC1DE130F700704D9C /* ESRefreshProtocol.swift in Sources */ = {isa = PBXBuildFile; fileRef = F3CAF7C41DE130F700704D9C /* ESRefreshProtocol.swift */; };
/* End PBXBuildFile section */

/* Begin PBXContainerItemProxy section */
		607FACE61AFB9204008FA782 /* PBXContainerItemProxy */ = {
			isa = PBXContainerItemProxy;
			containerPortal = 607FACC81AFB9204008FA782 /* Project object */;
			proxyType = 1;
			remoteGlobalIDString = 607FACCF1AFB9204008FA782;
			remoteInfo = Hyber;
		};
/* End PBXContainerItemProxy section */

/* Begin PBXCopyFilesBuildPhase section */
		76710A011DC0AC7800C531F2 /* Embed App Extensions */ = {
			isa = PBXCopyFilesBuildPhase;
			buildActionMask = 2147483647;
			dstPath = "";
			dstSubfolderSpec = 13;
			files = (
			);
			name = "Embed App Extensions";
			runOnlyForDeploymentPostprocessing = 0;
		};
		F31F56FB1E0D5DED00E81888 /* Embed App Extensions */ = {
			isa = PBXCopyFilesBuildPhase;
			buildActionMask = 2147483647;
			dstPath = "";
			dstSubfolderSpec = 13;
			files = (
			);
			name = "Embed App Extensions";
			runOnlyForDeploymentPostprocessing = 0;
		};
/* End PBXCopyFilesBuildPhase section */

/* Begin PBXFileReference section */
		4C28E718DA09A0AD0E86B531 /* Pods_Hyber_Example_copy.framework */ = {isa = PBXFileReference; explicitFileType = wrapper.framework; includeInIndex = 0; path = Pods_Hyber_Example_copy.framework; sourceTree = BUILT_PRODUCTS_DIR; };
		51A3461B1F45367F8D9A8FEC /* Pods_Hyber_Example.framework */ = {isa = PBXFileReference; explicitFileType = wrapper.framework; includeInIndex = 0; path = Pods_Hyber_Example.framework; sourceTree = BUILT_PRODUCTS_DIR; };
		5FBB1C4886D3E2C78C935332 /* Pods_Hyber_Example_copy_2.framework */ = {isa = PBXFileReference; explicitFileType = wrapper.framework; includeInIndex = 0; path = Pods_Hyber_Example_copy_2.framework; sourceTree = BUILT_PRODUCTS_DIR; };
		5FFEFC5842702A704FDCBB9C /* Pods-Hyber_Tests.debug.xcconfig */ = {isa = PBXFileReference; includeInIndex = 1; lastKnownFileType = text.xcconfig; name = "Pods-Hyber_Tests.debug.xcconfig"; path = "Pods/Target Support Files/Pods-Hyber_Tests/Pods-Hyber_Tests.debug.xcconfig"; sourceTree = "<group>"; };
		607FACD01AFB9204008FA782 /* Hyber_Example.app */ = {isa = PBXFileReference; explicitFileType = wrapper.application; includeInIndex = 0; path = Hyber_Example.app; sourceTree = BUILT_PRODUCTS_DIR; };
		607FACD41AFB9204008FA782 /* Info.plist */ = {isa = PBXFileReference; lastKnownFileType = text.plist.xml; path = Info.plist; sourceTree = "<group>"; };
		607FACD51AFB9204008FA782 /* AppDelegate.swift */ = {isa = PBXFileReference; lastKnownFileType = sourcecode.swift; path = AppDelegate.swift; sourceTree = "<group>"; };
		607FACD71AFB9204008FA782 /* ViewController.swift */ = {isa = PBXFileReference; lastKnownFileType = sourcecode.swift; path = ViewController.swift; sourceTree = "<group>"; };
		607FACDA1AFB9204008FA782 /* Base */ = {isa = PBXFileReference; lastKnownFileType = file.storyboard; name = Base; path = Base.lproj/Main.storyboard; sourceTree = "<group>"; };
		607FACDC1AFB9204008FA782 /* Images.xcassets */ = {isa = PBXFileReference; lastKnownFileType = folder.assetcatalog; path = Images.xcassets; sourceTree = "<group>"; };
		607FACDF1AFB9204008FA782 /* Base */ = {isa = PBXFileReference; lastKnownFileType = file.xib; name = Base; path = Base.lproj/LaunchScreen.xib; sourceTree = "<group>"; };
		607FACE51AFB9204008FA782 /* Hyber_Tests.xctest */ = {isa = PBXFileReference; explicitFileType = wrapper.cfbundle; includeInIndex = 0; path = Hyber_Tests.xctest; sourceTree = BUILT_PRODUCTS_DIR; };
		607FACEA1AFB9204008FA782 /* Info.plist */ = {isa = PBXFileReference; lastKnownFileType = text.plist.xml; path = Info.plist; sourceTree = "<group>"; };
		607FACEB1AFB9204008FA782 /* XCTest.swift */ = {isa = PBXFileReference; lastKnownFileType = sourcecode.swift; path = XCTest.swift; sourceTree = "<group>"; };
		7617EC971DBF8EC000510884 /* HyberFirebaseMessagingDelegate.swift */ = {isa = PBXFileReference; fileEncoding = 4; lastKnownFileType = sourcecode.swift; path = HyberFirebaseMessagingDelegate.swift; sourceTree = "<group>"; };
		7617EC991DBF99C100510884 /* GoogleService-Info.plist */ = {isa = PBXFileReference; fileEncoding = 4; lastKnownFileType = text.plist.xml; name = "GoogleService-Info.plist"; path = "../GoogleService-Info.plist"; sourceTree = "<group>"; };
		7617EC9B1DBF9CE500510884 /* Hyber_Example.entitlements */ = {isa = PBXFileReference; lastKnownFileType = text.plist.entitlements; path = Hyber_Example.entitlements; sourceTree = "<group>"; };
		76397B6C1DF5681600E2FF51 /* CountryPicker.swift */ = {isa = PBXFileReference; fileEncoding = 4; lastKnownFileType = sourcecode.swift; path = CountryPicker.swift; sourceTree = "<group>"; };
		76397B6D1DF5681600E2FF51 /* CountryView.swift */ = {isa = PBXFileReference; fileEncoding = 4; lastKnownFileType = sourcecode.swift; path = CountryView.swift; sourceTree = "<group>"; };
		767109F01DC0AC7700C531F2 /* UserNotifications.framework */ = {isa = PBXFileReference; lastKnownFileType = wrapper.framework; name = UserNotifications.framework; path = System/Library/Frameworks/UserNotifications.framework; sourceTree = SDKROOT; };
		767109F21DC0AC7700C531F2 /* UserNotificationsUI.framework */ = {isa = PBXFileReference; lastKnownFileType = wrapper.framework; name = UserNotificationsUI.framework; path = System/Library/Frameworks/UserNotificationsUI.framework; sourceTree = SDKROOT; };
		76838C5A1DED7DA100D2F31E /* Hyber_Example_TD.plist */ = {isa = PBXFileReference; lastKnownFileType = text.plist.xml; name = Hyber_Example_TD.plist; path = "/Users/taras/Desktop/Hyber-SDK-iOS/Example/TD/Hyber_Example_TD.plist"; sourceTree = "<absolute>"; };
		76838C7B1DED7DFC00D2F31E /* Hyber_Example_Prod.plist */ = {isa = PBXFileReference; lastKnownFileType = text.plist.xml; name = Hyber_Example_Prod.plist; path = "/Users/taras/Desktop/Hyber-SDK-iOS/Example/Prod/Hyber_Example_Prod.plist"; sourceTree = "<absolute>"; };
		76838C7E1DED7F6700D2F31E /* GoogleService-Info.plist */ = {isa = PBXFileReference; fileEncoding = 4; lastKnownFileType = text.plist.xml; name = "GoogleService-Info.plist"; path = "TD/GoogleService-Info.plist"; sourceTree = "<group>"; };
		76838C801DED804E00D2F31E /* GoogleService-Info.plist */ = {isa = PBXFileReference; fileEncoding = 4; lastKnownFileType = text.plist.xml; name = "GoogleService-Info.plist"; path = "Prod/GoogleService-Info.plist"; sourceTree = "<group>"; };
		769540D31DFE9AA200705F3F /* DeviceTableViewController.swift */ = {isa = PBXFileReference; fileEncoding = 4; lastKnownFileType = sourcecode.swift; path = DeviceTableViewController.swift; sourceTree = "<group>"; };
		769540D71DFE9ABD00705F3F /* DeviceTableViewCell.swift */ = {isa = PBXFileReference; fileEncoding = 4; lastKnownFileType = sourcecode.swift; path = DeviceTableViewCell.swift; sourceTree = "<group>"; };
		76A592B01DDC715D004187E8 /* MessageTableViewController.swift */ = {isa = PBXFileReference; fileEncoding = 4; lastKnownFileType = sourcecode.swift; path = MessageTableViewController.swift; sourceTree = "<group>"; };
		76A759391DE45200008A5DE0 /* StartViewController.swift */ = {isa = PBXFileReference; fileEncoding = 4; lastKnownFileType = sourcecode.swift; path = StartViewController.swift; sourceTree = "<group>"; };
		76ABECC61DDCA5CE00373A2E /* MessageTableViewCell.swift */ = {isa = PBXFileReference; fileEncoding = 4; lastKnownFileType = sourcecode.swift; path = MessageTableViewCell.swift; sourceTree = "<group>"; };
		76F2B1911DF54DF9003D098C /* CountryView.xib */ = {isa = PBXFileReference; fileEncoding = 4; lastKnownFileType = file.xib; path = CountryView.xib; sourceTree = "<group>"; };
		881F74C6321FBF6683EE513B /* Pods-Hyber_Tests.release.xcconfig */ = {isa = PBXFileReference; includeInIndex = 1; lastKnownFileType = text.xcconfig; name = "Pods-Hyber_Tests.release.xcconfig"; path = "Pods/Target Support Files/Pods-Hyber_Tests/Pods-Hyber_Tests.release.xcconfig"; sourceTree = "<group>"; };
		A31A8E7E819220BFDA8A6574 /* Pods_Hyber_Tests.framework */ = {isa = PBXFileReference; explicitFileType = wrapper.framework; includeInIndex = 0; path = Pods_Hyber_Tests.framework; sourceTree = BUILT_PRODUCTS_DIR; };
		CC2904C7F63B4BE60BA067FF /* Pods-Hyber_Example.release.xcconfig */ = {isa = PBXFileReference; includeInIndex = 1; lastKnownFileType = text.xcconfig; name = "Pods-Hyber_Example.release.xcconfig"; path = "Pods/Target Support Files/Pods-Hyber_Example/Pods-Hyber_Example.release.xcconfig"; sourceTree = "<group>"; };
		E44E3141D16555A83787EBC3 /* Pods-Hyber_Example.debug.xcconfig */ = {isa = PBXFileReference; includeInIndex = 1; lastKnownFileType = text.xcconfig; name = "Pods-Hyber_Example.debug.xcconfig"; path = "Pods/Target Support Files/Pods-Hyber_Example/Pods-Hyber_Example.debug.xcconfig"; sourceTree = "<group>"; };
		F31F56FF1E0D5DED00E81888 /* Hyber_Example copy.app */ = {isa = PBXFileReference; explicitFileType = wrapper.application; includeInIndex = 0; path = "Hyber_Example copy.app"; sourceTree = BUILT_PRODUCTS_DIR; };
		F31F57001E0D5DED00E81888 /* Hyber_Example copy-Info.plist */ = {isa = PBXFileReference; lastKnownFileType = text.plist.xml; name = "Hyber_Example copy-Info.plist"; path = "/Users/tarik/Desktop/Hyber-SDK-iOS/Example/Hyber_Example copy-Info.plist"; sourceTree = "<absolute>"; };
		F3CAF7BD1DE130F600704D9C /* ESRefreshFooterAnimator.swift */ = {isa = PBXFileReference; fileEncoding = 4; lastKnownFileType = sourcecode.swift; path = ESRefreshFooterAnimator.swift; sourceTree = "<group>"; };
		F3CAF7BE1DE130F700704D9C /* ESRefreshHeaderAnimator.swift */ = {isa = PBXFileReference; fileEncoding = 4; lastKnownFileType = sourcecode.swift; path = ESRefreshHeaderAnimator.swift; sourceTree = "<group>"; };
		F3CAF7BF1DE130F700704D9C /* icon_pull_to_refresh_arrow@2x.png */ = {isa = PBXFileReference; lastKnownFileType = image.png; path = "icon_pull_to_refresh_arrow@2x.png"; sourceTree = "<group>"; };
		F3CAF7C01DE130F700704D9C /* ESPullToRefresh+Manager.swift */ = {isa = PBXFileReference; fileEncoding = 4; lastKnownFileType = sourcecode.swift; path = "ESPullToRefresh+Manager.swift"; sourceTree = "<group>"; };
		F3CAF7C11DE130F700704D9C /* ESPullToRefresh.swift */ = {isa = PBXFileReference; fileEncoding = 4; lastKnownFileType = sourcecode.swift; path = ESPullToRefresh.swift; sourceTree = "<group>"; };
		F3CAF7C21DE130F700704D9C /* ESRefreshAnimator.swift */ = {isa = PBXFileReference; fileEncoding = 4; lastKnownFileType = sourcecode.swift; path = ESRefreshAnimator.swift; sourceTree = "<group>"; };
		F3CAF7C31DE130F700704D9C /* ESRefreshComponent.swift */ = {isa = PBXFileReference; fileEncoding = 4; lastKnownFileType = sourcecode.swift; path = ESRefreshComponent.swift; sourceTree = "<group>"; };
		F3CAF7C41DE130F700704D9C /* ESRefreshProtocol.swift */ = {isa = PBXFileReference; fileEncoding = 4; lastKnownFileType = sourcecode.swift; path = ESRefreshProtocol.swift; sourceTree = "<group>"; };
/* End PBXFileReference section */

/* Begin PBXFrameworksBuildPhase section */
		607FACCD1AFB9204008FA782 /* Frameworks */ = {
			isa = PBXFrameworksBuildPhase;
			buildActionMask = 2147483647;
			files = (
				B997317E7D7A1F616006D671 /* Pods_Hyber_Example.framework in Frameworks */,
				1256B40C0933D63BFA938BEE /* Pods_Hyber_Example.framework in Frameworks */,
				3DF316736A5A30A2DBC23EC8 /* Pods_Hyber_Example.framework in Frameworks */,
				598A002FFC0CE40636C9E49F /* Pods_Hyber_Example.framework in Frameworks */,
			);
			runOnlyForDeploymentPostprocessing = 0;
		};
		607FACE21AFB9204008FA782 /* Frameworks */ = {
			isa = PBXFrameworksBuildPhase;
			buildActionMask = 2147483647;
			files = (
				B4579865DEAA345BEE352F5F /* Pods_Hyber_Tests.framework in Frameworks */,
			);
			runOnlyForDeploymentPostprocessing = 0;
		};
		F31F56EC1E0D5DED00E81888 /* Frameworks */ = {
			isa = PBXFrameworksBuildPhase;
			buildActionMask = 2147483647;
			files = (
				F31F56ED1E0D5DED00E81888 /* Pods_Hyber_Example.framework in Frameworks */,
				F31F56EE1E0D5DED00E81888 /* Pods_Hyber_Example.framework in Frameworks */,
				F31F56EF1E0D5DED00E81888 /* Pods_Hyber_Example.framework in Frameworks */,
				F31F56F01E0D5DED00E81888 /* Pods_Hyber_Example.framework in Frameworks */,
			);
			runOnlyForDeploymentPostprocessing = 0;
		};
/* End PBXFrameworksBuildPhase section */

/* Begin PBXGroup section */
		607FACC71AFB9204008FA782 = {
			isa = PBXGroup;
			children = (
				7617EC9B1DBF9CE500510884 /* Hyber_Example.entitlements */,
				607FACD21AFB9204008FA782 /* Example */,
				607FACE81AFB9204008FA782 /* Tests */,
				607FACD11AFB9204008FA782 /* Products */,
				CDDB31C56AA60E383E0E1847 /* Pods */,
				AB1697F3DE0A9865C5A903F4 /* Frameworks */,
				76838C7C1DED7EC200D2F31E /* TD */,
				76838C7D1DED7ECA00D2F31E /* Prod */,
				F31F57001E0D5DED00E81888 /* Hyber_Example copy-Info.plist */,
			);
			sourceTree = "<group>";
		};
		607FACD11AFB9204008FA782 /* Products */ = {
			isa = PBXGroup;
			children = (
				607FACD01AFB9204008FA782 /* Hyber_Example.app */,
				607FACE51AFB9204008FA782 /* Hyber_Tests.xctest */,
				F31F56FF1E0D5DED00E81888 /* Hyber_Example copy.app */,
			);
			name = Products;
			sourceTree = "<group>";
		};
		607FACD21AFB9204008FA782 /* Example */ = {
			isa = PBXGroup;
			children = (
				607FACD51AFB9204008FA782 /* AppDelegate.swift */,
				7617EC971DBF8EC000510884 /* HyberFirebaseMessagingDelegate.swift */,
				7678FC791DE49CE800537253 /* Controllers */,
				7678FC7A1DE49CF400537253 /* Models */,
				7617EC991DBF99C100510884 /* GoogleService-Info.plist */,
				607FACD91AFB9204008FA782 /* Main.storyboard */,
				76F2B1911DF54DF9003D098C /* CountryView.xib */,
				607FACDC1AFB9204008FA782 /* Images.xcassets */,
				F3CAF7BB1DE130F600704D9C /* PulltoRefresh */,
				607FACDE1AFB9204008FA782 /* LaunchScreen.xib */,
				607FACD31AFB9204008FA782 /* Supporting Files */,
			);
			name = Example;
			path = Hyber;
			sourceTree = "<group>";
		};
		607FACD31AFB9204008FA782 /* Supporting Files */ = {
			isa = PBXGroup;
			children = (
				607FACD41AFB9204008FA782 /* Info.plist */,
			);
			name = "Supporting Files";
			sourceTree = "<group>";
		};
		607FACE81AFB9204008FA782 /* Tests */ = {
			isa = PBXGroup;
			children = (
				607FACEB1AFB9204008FA782 /* XCTest.swift */,
				607FACE91AFB9204008FA782 /* Supporting Files */,
			);
			path = Tests;
			sourceTree = "<group>";
		};
		607FACE91AFB9204008FA782 /* Supporting Files */ = {
			isa = PBXGroup;
			children = (
				607FACEA1AFB9204008FA782 /* Info.plist */,
			);
			name = "Supporting Files";
			sourceTree = "<group>";
		};
		7678FC791DE49CE800537253 /* Controllers */ = {
			isa = PBXGroup;
			children = (
				76A759391DE45200008A5DE0 /* StartViewController.swift */,
				769540D31DFE9AA200705F3F /* DeviceTableViewController.swift */,
				607FACD71AFB9204008FA782 /* ViewController.swift */,
				76A592B01DDC715D004187E8 /* MessageTableViewController.swift */,
			);
			name = Controllers;
			sourceTree = "<group>";
		};
		7678FC7A1DE49CF400537253 /* Models */ = {
			isa = PBXGroup;
			children = (
				76397B6C1DF5681600E2FF51 /* CountryPicker.swift */,
				769540D71DFE9ABD00705F3F /* DeviceTableViewCell.swift */,
				76397B6D1DF5681600E2FF51 /* CountryView.swift */,
				76ABECC61DDCA5CE00373A2E /* MessageTableViewCell.swift */,
			);
			name = Models;
			sourceTree = "<group>";
		};
		76838C7C1DED7EC200D2F31E /* TD */ = {
			isa = PBXGroup;
			children = (
				76838C7E1DED7F6700D2F31E /* GoogleService-Info.plist */,
				76838C5A1DED7DA100D2F31E /* Hyber_Example_TD.plist */,
			);
			name = TD;
			sourceTree = "<group>";
		};
		76838C7D1DED7ECA00D2F31E /* Prod */ = {
			isa = PBXGroup;
			children = (
				76838C801DED804E00D2F31E /* GoogleService-Info.plist */,
				76838C7B1DED7DFC00D2F31E /* Hyber_Example_Prod.plist */,
			);
			name = Prod;
			sourceTree = "<group>";
		};
		AB1697F3DE0A9865C5A903F4 /* Frameworks */ = {
			isa = PBXGroup;
			children = (
				51A3461B1F45367F8D9A8FEC /* Pods_Hyber_Example.framework */,
				A31A8E7E819220BFDA8A6574 /* Pods_Hyber_Tests.framework */,
				767109F01DC0AC7700C531F2 /* UserNotifications.framework */,
				767109F21DC0AC7700C531F2 /* UserNotificationsUI.framework */,
				4C28E718DA09A0AD0E86B531 /* Pods_Hyber_Example_copy.framework */,
				5FBB1C4886D3E2C78C935332 /* Pods_Hyber_Example_copy_2.framework */,
			);
			name = Frameworks;
			sourceTree = "<group>";
		};
		CDDB31C56AA60E383E0E1847 /* Pods */ = {
			isa = PBXGroup;
			children = (
				5FFEFC5842702A704FDCBB9C /* Pods-Hyber_Tests.debug.xcconfig */,
				881F74C6321FBF6683EE513B /* Pods-Hyber_Tests.release.xcconfig */,
				E44E3141D16555A83787EBC3 /* Pods-Hyber_Example.debug.xcconfig */,
				CC2904C7F63B4BE60BA067FF /* Pods-Hyber_Example.release.xcconfig */,
			);
			name = Pods;
			sourceTree = "<group>";
		};
		F3CAF7BB1DE130F600704D9C /* PulltoRefresh */ = {
			isa = PBXGroup;
			children = (
				F3CAF7BC1DE130F600704D9C /* Animator */,
				F3CAF7C01DE130F700704D9C /* ESPullToRefresh+Manager.swift */,
				F3CAF7C11DE130F700704D9C /* ESPullToRefresh.swift */,
				F3CAF7C21DE130F700704D9C /* ESRefreshAnimator.swift */,
				F3CAF7C31DE130F700704D9C /* ESRefreshComponent.swift */,
				F3CAF7C41DE130F700704D9C /* ESRefreshProtocol.swift */,
			);
			name = PulltoRefresh;
			path = Sources;
			sourceTree = "<group>";
		};
		F3CAF7BC1DE130F600704D9C /* Animator */ = {
			isa = PBXGroup;
			children = (
				F3CAF7BD1DE130F600704D9C /* ESRefreshFooterAnimator.swift */,
				F3CAF7BE1DE130F700704D9C /* ESRefreshHeaderAnimator.swift */,
				F3CAF7BF1DE130F700704D9C /* icon_pull_to_refresh_arrow@2x.png */,
			);
			path = Animator;
			sourceTree = "<group>";
		};
/* End PBXGroup section */

/* Begin PBXNativeTarget section */
		607FACCF1AFB9204008FA782 /* Hyber_Example */ = {
			isa = PBXNativeTarget;
			buildConfigurationList = 607FACEF1AFB9204008FA782 /* Build configuration list for PBXNativeTarget "Hyber_Example" */;
			buildPhases = (
				7D6ED8E5C48C4852101C3634 /* [CP] Check Pods Manifest.lock */,
				607FACCC1AFB9204008FA782 /* Sources */,
				607FACCD1AFB9204008FA782 /* Frameworks */,
				607FACCE1AFB9204008FA782 /* Resources */,
				26DAC715781656F8BFE0A57F /* [CP] Embed Pods Frameworks */,
				53E1E5E779B4628D02D05961 /* [CP] Copy Pods Resources */,
				7643C3331DBF5C4500435686 /* ShellScript */,
				76710A011DC0AC7800C531F2 /* Embed App Extensions */,
			);
			buildRules = (
			);
			dependencies = (
			);
			name = Hyber_Example;
			productName = Hyber;
			productReference = 607FACD01AFB9204008FA782 /* Hyber_Example.app */;
			productType = "com.apple.product-type.application";
		};
		607FACE41AFB9204008FA782 /* Hyber_Tests */ = {
			isa = PBXNativeTarget;
			buildConfigurationList = 607FACF21AFB9204008FA782 /* Build configuration list for PBXNativeTarget "Hyber_Tests" */;
			buildPhases = (
				D42D8263CD6CF78778CFD9C0 /* [CP] Check Pods Manifest.lock */,
				607FACE11AFB9204008FA782 /* Sources */,
				607FACE21AFB9204008FA782 /* Frameworks */,
				607FACE31AFB9204008FA782 /* Resources */,
				67F2B4A2D336634CE8C7BF09 /* [CP] Embed Pods Frameworks */,
				CBA7E281ACA00CD268C2624F /* [CP] Copy Pods Resources */,
			);
			buildRules = (
			);
			dependencies = (
				607FACE71AFB9204008FA782 /* PBXTargetDependency */,
			);
			name = Hyber_Tests;
			productName = Tests;
			productReference = 607FACE51AFB9204008FA782 /* Hyber_Tests.xctest */;
			productType = "com.apple.product-type.bundle.unit-test";
		};
		F31F56D81E0D5DED00E81888 /* Hyber_Example copy */ = {
			isa = PBXNativeTarget;
			buildConfigurationList = F31F56FC1E0D5DED00E81888 /* Build configuration list for PBXNativeTarget "Hyber_Example copy" */;
			buildPhases = (
				F31F56D91E0D5DED00E81888 /* [CP] Check Pods Manifest.lock */,
				F31F56DA1E0D5DED00E81888 /* Sources */,
				F31F56EC1E0D5DED00E81888 /* Frameworks */,
				F31F56F11E0D5DED00E81888 /* Resources */,
				F31F56F81E0D5DED00E81888 /* [CP] Embed Pods Frameworks */,
				F31F56F91E0D5DED00E81888 /* [CP] Copy Pods Resources */,
				F31F56FA1E0D5DED00E81888 /* ShellScript */,
				F31F56FB1E0D5DED00E81888 /* Embed App Extensions */,
			);
			buildRules = (
			);
			dependencies = (
			);
			name = "Hyber_Example copy";
			productName = Hyber;
			productReference = F31F56FF1E0D5DED00E81888 /* Hyber_Example copy.app */;
			productType = "com.apple.product-type.application";
		};
/* End PBXNativeTarget section */

/* Begin PBXProject section */
		607FACC81AFB9204008FA782 /* Project object */ = {
			isa = PBXProject;
			attributes = {
				LastSwiftUpdateCheck = 0800;
				LastUpgradeCheck = 0810;
				ORGANIZATIONNAME = Incuube;
				TargetAttributes = {
					607FACCF1AFB9204008FA782 = {
						CreatedOnToolsVersion = 6.3.1;
						DevelopmentTeam = 9QE2X4J468;
						LastSwiftMigration = 0800;
						SystemCapabilities = {
							com.apple.BackgroundModes = {
								enabled = 1;
							};
							com.apple.Push = {
								enabled = 1;
							};
						};
					};
					607FACE41AFB9204008FA782 = {
						CreatedOnToolsVersion = 6.3.1;
						DevelopmentTeam = DREVRNA23J;
						LastSwiftMigration = 0800;
						ProvisioningStyle = Automatic;
						TestTargetID = 607FACCF1AFB9204008FA782;
					};
					F31F56D81E0D5DED00E81888 = {
						DevelopmentTeam = 9QE2X4J468;
					};
				};
			};
			buildConfigurationList = 607FACCB1AFB9204008FA782 /* Build configuration list for PBXProject "Hyber" */;
			compatibilityVersion = "Xcode 3.2";
			developmentRegion = English;
			hasScannedForEncodings = 0;
			knownRegions = (
				en,
				Base,
			);
			mainGroup = 607FACC71AFB9204008FA782;
			productRefGroup = 607FACD11AFB9204008FA782 /* Products */;
			projectDirPath = "";
			projectRoot = "";
			targets = (
				607FACCF1AFB9204008FA782 /* Hyber_Example */,
				607FACE41AFB9204008FA782 /* Hyber_Tests */,
				F31F56D81E0D5DED00E81888 /* Hyber_Example copy */,
			);
		};
/* End PBXProject section */

/* Begin PBXResourcesBuildPhase section */
		607FACCE1AFB9204008FA782 /* Resources */ = {
			isa = PBXResourcesBuildPhase;
			buildActionMask = 2147483647;
			files = (
				F3CAF7C71DE130F700704D9C /* icon_pull_to_refresh_arrow@2x.png in Resources */,
				76F2B1921DF54DF9003D098C /* CountryView.xib in Resources */,
				607FACDB1AFB9204008FA782 /* Main.storyboard in Resources */,
				7617EC9A1DBF99C100510884 /* GoogleService-Info.plist in Resources */,
				607FACE01AFB9204008FA782 /* LaunchScreen.xib in Resources */,
				607FACDD1AFB9204008FA782 /* Images.xcassets in Resources */,
			);
			runOnlyForDeploymentPostprocessing = 0;
		};
		607FACE31AFB9204008FA782 /* Resources */ = {
			isa = PBXResourcesBuildPhase;
			buildActionMask = 2147483647;
			files = (
			);
			runOnlyForDeploymentPostprocessing = 0;
		};
		F31F56F11E0D5DED00E81888 /* Resources */ = {
			isa = PBXResourcesBuildPhase;
			buildActionMask = 2147483647;
			files = (
				F31F56F21E0D5DED00E81888 /* icon_pull_to_refresh_arrow@2x.png in Resources */,
				F31F56F31E0D5DED00E81888 /* CountryView.xib in Resources */,
				F31F56F41E0D5DED00E81888 /* Main.storyboard in Resources */,
				F31F56F51E0D5DED00E81888 /* GoogleService-Info.plist in Resources */,
				F31F56F61E0D5DED00E81888 /* LaunchScreen.xib in Resources */,
				F31F56F71E0D5DED00E81888 /* Images.xcassets in Resources */,
			);
			runOnlyForDeploymentPostprocessing = 0;
		};
/* End PBXResourcesBuildPhase section */

/* Begin PBXShellScriptBuildPhase section */
		26DAC715781656F8BFE0A57F /* [CP] Embed Pods Frameworks */ = {
			isa = PBXShellScriptBuildPhase;
			buildActionMask = 2147483647;
			files = (
			);
			inputPaths = (
			);
			name = "[CP] Embed Pods Frameworks";
			outputPaths = (
			);
			runOnlyForDeploymentPostprocessing = 0;
			shellPath = /bin/sh;
			shellScript = "\"${SRCROOT}/Pods/Target Support Files/Pods-Hyber_Example/Pods-Hyber_Example-frameworks.sh\"\n";
			showEnvVarsInLog = 0;
		};
		53E1E5E779B4628D02D05961 /* [CP] Copy Pods Resources */ = {
			isa = PBXShellScriptBuildPhase;
			buildActionMask = 2147483647;
			files = (
			);
			inputPaths = (
			);
			name = "[CP] Copy Pods Resources";
			outputPaths = (
			);
			runOnlyForDeploymentPostprocessing = 0;
			shellPath = /bin/sh;
			shellScript = "\"${SRCROOT}/Pods/Target Support Files/Pods-Hyber_Example/Pods-Hyber_Example-resources.sh\"\n";
			showEnvVarsInLog = 0;
		};
		67F2B4A2D336634CE8C7BF09 /* [CP] Embed Pods Frameworks */ = {
			isa = PBXShellScriptBuildPhase;
			buildActionMask = 2147483647;
			files = (
			);
			inputPaths = (
			);
			name = "[CP] Embed Pods Frameworks";
			outputPaths = (
			);
			runOnlyForDeploymentPostprocessing = 0;
			shellPath = /bin/sh;
			shellScript = "\"${SRCROOT}/Pods/Target Support Files/Pods-Hyber_Tests/Pods-Hyber_Tests-frameworks.sh\"\n";
			showEnvVarsInLog = 0;
		};
		7643C3331DBF5C4500435686 /* ShellScript */ = {
			isa = PBXShellScriptBuildPhase;
			buildActionMask = 2147483647;
			files = (
			);
			inputPaths = (
			);
			outputPaths = (
			);
			runOnlyForDeploymentPostprocessing = 0;
			shellPath = /bin/sh;
			shellScript = "\"${PODS_ROOT}/Fabric/run\" 1495204e5404bc6b775f898b9e4092a256b3d138 0d5bc8be13c6f68e31ce4e302fdbc16af2aeee9e311dfafb8cfe1b51079e38ce";
		};
		7D6ED8E5C48C4852101C3634 /* [CP] Check Pods Manifest.lock */ = {
			isa = PBXShellScriptBuildPhase;
			buildActionMask = 2147483647;
			files = (
			);
			inputPaths = (
			);
			name = "[CP] Check Pods Manifest.lock";
			outputPaths = (
			);
			runOnlyForDeploymentPostprocessing = 0;
			shellPath = /bin/sh;
			shellScript = "diff \"${PODS_ROOT}/../Podfile.lock\" \"${PODS_ROOT}/Manifest.lock\" > /dev/null\nif [ $? != 0 ] ; then\n    # print error to STDERR\n    echo \"error: The sandbox is not in sync with the Podfile.lock. Run 'pod install' or update your CocoaPods installation.\" >&2\n    exit 1\nfi\n";
			showEnvVarsInLog = 0;
		};
		CBA7E281ACA00CD268C2624F /* [CP] Copy Pods Resources */ = {
			isa = PBXShellScriptBuildPhase;
			buildActionMask = 2147483647;
			files = (
			);
			inputPaths = (
			);
			name = "[CP] Copy Pods Resources";
			outputPaths = (
			);
			runOnlyForDeploymentPostprocessing = 0;
			shellPath = /bin/sh;
			shellScript = "\"${SRCROOT}/Pods/Target Support Files/Pods-Hyber_Tests/Pods-Hyber_Tests-resources.sh\"\n";
			showEnvVarsInLog = 0;
		};
		D42D8263CD6CF78778CFD9C0 /* [CP] Check Pods Manifest.lock */ = {
			isa = PBXShellScriptBuildPhase;
			buildActionMask = 2147483647;
			files = (
			);
			inputPaths = (
			);
			name = "[CP] Check Pods Manifest.lock";
			outputPaths = (
			);
			runOnlyForDeploymentPostprocessing = 0;
			shellPath = /bin/sh;
			shellScript = "diff \"${PODS_ROOT}/../Podfile.lock\" \"${PODS_ROOT}/Manifest.lock\" > /dev/null\nif [ $? != 0 ] ; then\n    # print error to STDERR\n    echo \"error: The sandbox is not in sync with the Podfile.lock. Run 'pod install' or update your CocoaPods installation.\" >&2\n    exit 1\nfi\n";
			showEnvVarsInLog = 0;
		};
		F31F56D91E0D5DED00E81888 /* [CP] Check Pods Manifest.lock */ = {
			isa = PBXShellScriptBuildPhase;
			buildActionMask = 2147483647;
			files = (
			);
			inputPaths = (
			);
			name = "[CP] Check Pods Manifest.lock";
			outputPaths = (
			);
			runOnlyForDeploymentPostprocessing = 0;
			shellPath = /bin/sh;
			shellScript = "diff \"${PODS_ROOT}/../Podfile.lock\" \"${PODS_ROOT}/Manifest.lock\" > /dev/null\nif [ $? != 0 ] ; then\n    # print error to STDERR\n    echo \"error: The sandbox is not in sync with the Podfile.lock. Run 'pod install' or update your CocoaPods installation.\" >&2\n    exit 1\nfi\n";
			showEnvVarsInLog = 0;
		};
		F31F56F81E0D5DED00E81888 /* [CP] Embed Pods Frameworks */ = {
			isa = PBXShellScriptBuildPhase;
			buildActionMask = 2147483647;
			files = (
			);
			inputPaths = (
			);
			name = "[CP] Embed Pods Frameworks";
			outputPaths = (
			);
			runOnlyForDeploymentPostprocessing = 0;
			shellPath = /bin/sh;
			shellScript = "\"${SRCROOT}/Pods/Target Support Files/Pods-Hyber_Example/Pods-Hyber_Example-frameworks.sh\"\n";
			showEnvVarsInLog = 0;
		};
		F31F56F91E0D5DED00E81888 /* [CP] Copy Pods Resources */ = {
			isa = PBXShellScriptBuildPhase;
			buildActionMask = 2147483647;
			files = (
			);
			inputPaths = (
			);
			name = "[CP] Copy Pods Resources";
			outputPaths = (
			);
			runOnlyForDeploymentPostprocessing = 0;
			shellPath = /bin/sh;
			shellScript = "\"${SRCROOT}/Pods/Target Support Files/Pods-Hyber_Example/Pods-Hyber_Example-resources.sh\"\n";
			showEnvVarsInLog = 0;
		};
		F31F56FA1E0D5DED00E81888 /* ShellScript */ = {
			isa = PBXShellScriptBuildPhase;
			buildActionMask = 2147483647;
			files = (
			);
			inputPaths = (
			);
			outputPaths = (
			);
			runOnlyForDeploymentPostprocessing = 0;
			shellPath = /bin/sh;
			shellScript = "\"${PODS_ROOT}/Fabric/run\" 1495204e5404bc6b775f898b9e4092a256b3d138 0d5bc8be13c6f68e31ce4e302fdbc16af2aeee9e311dfafb8cfe1b51079e38ce";
		};
/* End PBXShellScriptBuildPhase section */

/* Begin PBXSourcesBuildPhase section */
		607FACCC1AFB9204008FA782 /* Sources */ = {
			isa = PBXSourcesBuildPhase;
			buildActionMask = 2147483647;
			files = (
				76397B711DF5681600E2FF51 /* CountryView.swift in Sources */,
				769540D41DFE9AA200705F3F /* DeviceTableViewController.swift in Sources */,
				76397B6E1DF5681600E2FF51 /* CountryPicker.swift in Sources */,
				F3CAF7C91DE130F700704D9C /* ESPullToRefresh.swift in Sources */,
				F3CAF7CB1DE130F700704D9C /* ESRefreshComponent.swift in Sources */,
				607FACD81AFB9204008FA782 /* ViewController.swift in Sources */,
				607FACD61AFB9204008FA782 /* AppDelegate.swift in Sources */,
				76A592B11DDC715D004187E8 /* MessageTableViewController.swift in Sources */,
				F3CAF7C51DE130F700704D9C /* ESRefreshFooterAnimator.swift in Sources */,
				76ABECC71DDCA5CE00373A2E /* MessageTableViewCell.swift in Sources */,
				769540D81DFE9ABD00705F3F /* DeviceTableViewCell.swift in Sources */,
				F3CAF7C81DE130F700704D9C /* ESPullToRefresh+Manager.swift in Sources */,
				76A7593A1DE45200008A5DE0 /* StartViewController.swift in Sources */,
				F3CAF7C61DE130F700704D9C /* ESRefreshHeaderAnimator.swift in Sources */,
				F3CAF7CA1DE130F700704D9C /* ESRefreshAnimator.swift in Sources */,
				7617EC981DBF8EC000510884 /* HyberFirebaseMessagingDelegate.swift in Sources */,
				F3CAF7CC1DE130F700704D9C /* ESRefreshProtocol.swift in Sources */,
			);
			runOnlyForDeploymentPostprocessing = 0;
		};
		607FACE11AFB9204008FA782 /* Sources */ = {
			isa = PBXSourcesBuildPhase;
			buildActionMask = 2147483647;
			files = (
			);
			runOnlyForDeploymentPostprocessing = 0;
		};
		F31F56DA1E0D5DED00E81888 /* Sources */ = {
			isa = PBXSourcesBuildPhase;
			buildActionMask = 2147483647;
			files = (
				F31F56DB1E0D5DED00E81888 /* CountryView.swift in Sources */,
				F31F56DC1E0D5DED00E81888 /* DeviceTableViewController.swift in Sources */,
				F31F56DD1E0D5DED00E81888 /* CountryPicker.swift in Sources */,
				F31F56DE1E0D5DED00E81888 /* ESPullToRefresh.swift in Sources */,
				F31F56DF1E0D5DED00E81888 /* ESRefreshComponent.swift in Sources */,
				F31F56E01E0D5DED00E81888 /* ViewController.swift in Sources */,
				F31F56E11E0D5DED00E81888 /* AppDelegate.swift in Sources */,
				F31F56E21E0D5DED00E81888 /* MessageTableViewController.swift in Sources */,
				F31F56E31E0D5DED00E81888 /* ESRefreshFooterAnimator.swift in Sources */,
				F31F56E41E0D5DED00E81888 /* MessageTableViewCell.swift in Sources */,
				F31F56E51E0D5DED00E81888 /* DeviceTableViewCell.swift in Sources */,
				F31F56E61E0D5DED00E81888 /* ESPullToRefresh+Manager.swift in Sources */,
				F31F56E71E0D5DED00E81888 /* StartViewController.swift in Sources */,
				F31F56E81E0D5DED00E81888 /* ESRefreshHeaderAnimator.swift in Sources */,
				F31F56E91E0D5DED00E81888 /* ESRefreshAnimator.swift in Sources */,
				F31F56EA1E0D5DED00E81888 /* HyberFirebaseMessagingDelegate.swift in Sources */,
				F31F56EB1E0D5DED00E81888 /* ESRefreshProtocol.swift in Sources */,
			);
			runOnlyForDeploymentPostprocessing = 0;
		};
/* End PBXSourcesBuildPhase section */

/* Begin PBXTargetDependency section */
		607FACE71AFB9204008FA782 /* PBXTargetDependency */ = {
			isa = PBXTargetDependency;
			target = 607FACCF1AFB9204008FA782 /* Hyber_Example */;
			targetProxy = 607FACE61AFB9204008FA782 /* PBXContainerItemProxy */;
		};
/* End PBXTargetDependency section */

/* Begin PBXVariantGroup section */
		607FACD91AFB9204008FA782 /* Main.storyboard */ = {
			isa = PBXVariantGroup;
			children = (
				607FACDA1AFB9204008FA782 /* Base */,
			);
			name = Main.storyboard;
			sourceTree = "<group>";
		};
		607FACDE1AFB9204008FA782 /* LaunchScreen.xib */ = {
			isa = PBXVariantGroup;
			children = (
				607FACDF1AFB9204008FA782 /* Base */,
			);
			name = LaunchScreen.xib;
			sourceTree = "<group>";
		};
/* End PBXVariantGroup section */

/* Begin XCBuildConfiguration section */
		607FACED1AFB9204008FA782 /* Debug */ = {
			isa = XCBuildConfiguration;
			buildSettings = {
				ALWAYS_SEARCH_USER_PATHS = NO;
				CLANG_CXX_LANGUAGE_STANDARD = "gnu++0x";
				CLANG_CXX_LIBRARY = "libc++";
				CLANG_ENABLE_MODULES = YES;
				CLANG_ENABLE_OBJC_ARC = YES;
				CLANG_WARN_BOOL_CONVERSION = YES;
				CLANG_WARN_CONSTANT_CONVERSION = YES;
				CLANG_WARN_DIRECT_OBJC_ISA_USAGE = YES_ERROR;
				CLANG_WARN_EMPTY_BODY = YES;
				CLANG_WARN_ENUM_CONVERSION = YES;
				CLANG_WARN_INFINITE_RECURSION = YES;
				CLANG_WARN_INT_CONVERSION = YES;
				CLANG_WARN_OBJC_ROOT_CLASS = YES_ERROR;
				CLANG_WARN_SUSPICIOUS_MOVE = YES;
				CLANG_WARN_UNREACHABLE_CODE = YES;
				CLANG_WARN__DUPLICATE_METHOD_MATCH = YES;
				"CODE_SIGN_IDENTITY[sdk=iphoneos*]" = "iPhone Developer";
				COPY_PHASE_STRIP = NO;
				DEBUG_INFORMATION_FORMAT = "dwarf-with-dsym";
				ENABLE_STRICT_OBJC_MSGSEND = YES;
				ENABLE_TESTABILITY = YES;
				GCC_C_LANGUAGE_STANDARD = gnu99;
				GCC_DYNAMIC_NO_PIC = NO;
				GCC_NO_COMMON_BLOCKS = YES;
				GCC_OPTIMIZATION_LEVEL = 0;
				GCC_PREPROCESSOR_DEFINITIONS = (
					"DEBUG=1",
					"$(inherited)",
				);
				GCC_SYMBOLS_PRIVATE_EXTERN = NO;
				GCC_WARN_64_TO_32_BIT_CONVERSION = YES;
				GCC_WARN_ABOUT_RETURN_TYPE = YES_ERROR;
				GCC_WARN_UNDECLARED_SELECTOR = YES;
				GCC_WARN_UNINITIALIZED_AUTOS = YES_AGGRESSIVE;
				GCC_WARN_UNUSED_FUNCTION = YES;
				GCC_WARN_UNUSED_VARIABLE = YES;
				IPHONEOS_DEPLOYMENT_TARGET = 9.0;
				MTL_ENABLE_DEBUG_INFO = YES;
				ONLY_ACTIVE_ARCH = YES;
				SDKROOT = iphoneos;
				SWIFT_OPTIMIZATION_LEVEL = "-Onone";
			};
			name = Debug;
		};
		607FACEE1AFB9204008FA782 /* Release */ = {
			isa = XCBuildConfiguration;
			buildSettings = {
				ALWAYS_SEARCH_USER_PATHS = NO;
				CLANG_CXX_LANGUAGE_STANDARD = "gnu++0x";
				CLANG_CXX_LIBRARY = "libc++";
				CLANG_ENABLE_MODULES = YES;
				CLANG_ENABLE_OBJC_ARC = YES;
				CLANG_WARN_BOOL_CONVERSION = YES;
				CLANG_WARN_CONSTANT_CONVERSION = YES;
				CLANG_WARN_DIRECT_OBJC_ISA_USAGE = YES_ERROR;
				CLANG_WARN_EMPTY_BODY = YES;
				CLANG_WARN_ENUM_CONVERSION = YES;
				CLANG_WARN_INFINITE_RECURSION = YES;
				CLANG_WARN_INT_CONVERSION = YES;
				CLANG_WARN_OBJC_ROOT_CLASS = YES_ERROR;
				CLANG_WARN_SUSPICIOUS_MOVE = YES;
				CLANG_WARN_UNREACHABLE_CODE = YES;
				CLANG_WARN__DUPLICATE_METHOD_MATCH = YES;
				"CODE_SIGN_IDENTITY[sdk=iphoneos*]" = "iPhone Developer";
				COPY_PHASE_STRIP = NO;
				DEBUG_INFORMATION_FORMAT = "dwarf-with-dsym";
				ENABLE_NS_ASSERTIONS = NO;
				ENABLE_STRICT_OBJC_MSGSEND = YES;
				GCC_C_LANGUAGE_STANDARD = gnu99;
				GCC_NO_COMMON_BLOCKS = YES;
				GCC_WARN_64_TO_32_BIT_CONVERSION = YES;
				GCC_WARN_ABOUT_RETURN_TYPE = YES_ERROR;
				GCC_WARN_UNDECLARED_SELECTOR = YES;
				GCC_WARN_UNINITIALIZED_AUTOS = YES_AGGRESSIVE;
				GCC_WARN_UNUSED_FUNCTION = YES;
				GCC_WARN_UNUSED_VARIABLE = YES;
				IPHONEOS_DEPLOYMENT_TARGET = 9.0;
				MTL_ENABLE_DEBUG_INFO = NO;
				SDKROOT = iphoneos;
				SWIFT_OPTIMIZATION_LEVEL = "-Owholemodule";
				VALIDATE_PRODUCT = YES;
			};
			name = Release;
		};
		607FACF01AFB9204008FA782 /* Debug */ = {
			isa = XCBuildConfiguration;
			baseConfigurationReference = E44E3141D16555A83787EBC3 /* Pods-Hyber_Example.debug.xcconfig */;
			buildSettings = {
				ALWAYS_EMBED_SWIFT_STANDARD_LIBRARIES = YES;
				ASSETCATALOG_COMPILER_APPICON_NAME = AppIcon;
				CODE_SIGN_ENTITLEMENTS = Hyber_Example.entitlements;
				DEVELOPMENT_TEAM = 9QE2X4J468;
				INFOPLIST_FILE = Hyber/Info.plist;
				IPHONEOS_DEPLOYMENT_TARGET = 9.0;
				LD_RUNPATH_SEARCH_PATHS = "$(inherited) @executable_path/Frameworks";
				MODULE_NAME = ExampleApp;
				OTHER_SWIFT_FLAGS = "$(inherited) \"-D\" \"COCOAPODS\" -DDEVELOPMENT";
				PRODUCT_BUNDLE_IDENTIFIER = "com.test.Hyber-Example-sdk-2";
				PRODUCT_NAME = "$(TARGET_NAME)";
				SWIFT_ACTIVE_COMPILATION_CONDITIONS = "";
				SWIFT_VERSION = 3.0;
			};
			name = Debug;
		};
		607FACF11AFB9204008FA782 /* Release */ = {
			isa = XCBuildConfiguration;
			baseConfigurationReference = CC2904C7F63B4BE60BA067FF /* Pods-Hyber_Example.release.xcconfig */;
			buildSettings = {
				ALWAYS_EMBED_SWIFT_STANDARD_LIBRARIES = YES;
				ASSETCATALOG_COMPILER_APPICON_NAME = AppIcon;
				CODE_SIGN_ENTITLEMENTS = Hyber_Example.entitlements;
				DEVELOPMENT_TEAM = 9QE2X4J468;
				"GCC_PREPROCESSOR_DEFINITIONS[arch=*]" = (
					"$(inherited)",
					"COCOAPODS=1",
				);
				INFOPLIST_FILE = Hyber/Info.plist;
				IPHONEOS_DEPLOYMENT_TARGET = 9.0;
				LD_RUNPATH_SEARCH_PATHS = "$(inherited) @executable_path/Frameworks";
				MODULE_NAME = ExampleApp;
				OTHER_SWIFT_FLAGS = "$(inherited) \"-D\" \"COCOAPODS\" -DDEVELOPMENT";
				PRODUCT_BUNDLE_IDENTIFIER = "com.test.Hyber-Example-sdk-2";
				PRODUCT_NAME = "$(TARGET_NAME)";
				SWIFT_ACTIVE_COMPILATION_CONDITIONS = "";
				SWIFT_VERSION = 3.0;
			};
			name = Release;
		};
		607FACF31AFB9204008FA782 /* Debug */ = {
			isa = XCBuildConfiguration;
			baseConfigurationReference = 5FFEFC5842702A704FDCBB9C /* Pods-Hyber_Tests.debug.xcconfig */;
			buildSettings = {
				"CODE_SIGN_IDENTITY[sdk=iphoneos*]" = "iPhone Developer";
				DEVELOPMENT_TEAM = DREVRNA23J;
				FRAMEWORK_SEARCH_PATHS = (
					"$(SDKROOT)/Developer/Library/Frameworks",
					"$(inherited)",
				);
				GCC_PREPROCESSOR_DEFINITIONS = (
					"DEBUG=1",
					"$(inherited)",
				);
				INFOPLIST_FILE = Tests/Info.plist;
				LD_RUNPATH_SEARCH_PATHS = "$(inherited) @executable_path/Frameworks @loader_path/Frameworks";
				PRODUCT_BUNDLE_IDENTIFIER = "org.cocoapods.$(PRODUCT_NAME:rfc1034identifier)";
				PRODUCT_NAME = "$(TARGET_NAME)";
				SWIFT_VERSION = 3.0;
			};
			name = Debug;
		};
		607FACF41AFB9204008FA782 /* Release */ = {
			isa = XCBuildConfiguration;
			baseConfigurationReference = 881F74C6321FBF6683EE513B /* Pods-Hyber_Tests.release.xcconfig */;
			buildSettings = {
				"CODE_SIGN_IDENTITY[sdk=iphoneos*]" = "iPhone Developer";
				DEVELOPMENT_TEAM = DREVRNA23J;
				FRAMEWORK_SEARCH_PATHS = (
					"$(SDKROOT)/Developer/Library/Frameworks",
					"$(inherited)",
				);
				INFOPLIST_FILE = Tests/Info.plist;
				LD_RUNPATH_SEARCH_PATHS = "$(inherited) @executable_path/Frameworks @loader_path/Frameworks";
				PRODUCT_BUNDLE_IDENTIFIER = "org.cocoapods.$(PRODUCT_NAME:rfc1034identifier)";
				PRODUCT_NAME = "$(TARGET_NAME)";
				SWIFT_VERSION = 3.0;
			};
			name = Release;
		};
		F31F56FD1E0D5DED00E81888 /* Debug */ = {
			isa = XCBuildConfiguration;
			baseConfigurationReference = E44E3141D16555A83787EBC3 /* Pods-Hyber_Example.debug.xcconfig */;
			buildSettings = {
				ALWAYS_EMBED_SWIFT_STANDARD_LIBRARIES = YES;
				ASSETCATALOG_COMPILER_APPICON_NAME = AppIcon;
				CODE_SIGN_ENTITLEMENTS = Hyber_Example.entitlements;
				DEVELOPMENT_TEAM = 9QE2X4J468;
				INFOPLIST_FILE = "Hyber_Example copy-Info.plist";
				IPHONEOS_DEPLOYMENT_TARGET = 9.0;
				LD_RUNPATH_SEARCH_PATHS = "$(inherited) @executable_path/Frameworks";
				MODULE_NAME = ExampleApp;
				OTHER_SWIFT_FLAGS = "$(inherited) \"-D\" \"COCOAPODS\" -DDEVELOPMENT";
				PRODUCT_BUNDLE_IDENTIFIER = "com.test.Hyber-Example-sdk-2-test";
				PRODUCT_NAME = "$(TARGET_NAME)";
				SWIFT_ACTIVE_COMPILATION_CONDITIONS = "";
				SWIFT_VERSION = 3.0;
			};
			name = Debug;
		};
		F31F56FE1E0D5DED00E81888 /* Release */ = {
			isa = XCBuildConfiguration;
			baseConfigurationReference = CC2904C7F63B4BE60BA067FF /* Pods-Hyber_Example.release.xcconfig */;
			buildSettings = {
				ALWAYS_EMBED_SWIFT_STANDARD_LIBRARIES = YES;
				ASSETCATALOG_COMPILER_APPICON_NAME = AppIcon;
				CODE_SIGN_ENTITLEMENTS = Hyber_Example.entitlements;
				DEVELOPMENT_TEAM = 9QE2X4J468;
				"GCC_PREPROCESSOR_DEFINITIONS[arch=*]" = (
					"$(inherited)",
					"COCOAPODS=1",
				);
				INFOPLIST_FILE = "Hyber_Example copy-Info.plist";
				IPHONEOS_DEPLOYMENT_TARGET = 9.0;
				LD_RUNPATH_SEARCH_PATHS = "$(inherited) @executable_path/Frameworks";
				MODULE_NAME = ExampleApp;
				OTHER_SWIFT_FLAGS = "$(inherited) \"-D\" \"COCOAPODS\" -DDEVELOPMENT";
				PRODUCT_BUNDLE_IDENTIFIER = "com.test.Hyber-Example-sdk-2-test";
				PRODUCT_NAME = "$(TARGET_NAME)";
				SWIFT_ACTIVE_COMPILATION_CONDITIONS = "";
				SWIFT_VERSION = 3.0;
			};
			name = Release;
		};
/* End XCBuildConfiguration section */

/* Begin XCConfigurationList section */
		607FACCB1AFB9204008FA782 /* Build configuration list for PBXProject "Hyber" */ = {
			isa = XCConfigurationList;
			buildConfigurations = (
				607FACED1AFB9204008FA782 /* Debug */,
				607FACEE1AFB9204008FA782 /* Release */,
			);
			defaultConfigurationIsVisible = 0;
			defaultConfigurationName = Debug;
		};
		607FACEF1AFB9204008FA782 /* Build configuration list for PBXNativeTarget "Hyber_Example" */ = {
			isa = XCConfigurationList;
			buildConfigurations = (
				607FACF01AFB9204008FA782 /* Debug */,
				607FACF11AFB9204008FA782 /* Release */,
			);
			defaultConfigurationIsVisible = 0;
			defaultConfigurationName = Debug;
		};
		607FACF21AFB9204008FA782 /* Build configuration list for PBXNativeTarget "Hyber_Tests" */ = {
			isa = XCConfigurationList;
			buildConfigurations = (
				607FACF31AFB9204008FA782 /* Debug */,
				607FACF41AFB9204008FA782 /* Release */,
			);
			defaultConfigurationIsVisible = 0;
			defaultConfigurationName = Debug;
		};
		F31F56FC1E0D5DED00E81888 /* Build configuration list for PBXNativeTarget "Hyber_Example copy" */ = {
			isa = XCConfigurationList;
			buildConfigurations = (
				F31F56FD1E0D5DED00E81888 /* Debug */,
				F31F56FE1E0D5DED00E81888 /* Release */,
			);
			defaultConfigurationIsVisible = 0;
			defaultConfigurationName = Debug;
		};
/* End XCConfigurationList section */
	};
	rootObject = 607FACC81AFB9204008FA782 /* Project object */;
}
